
Microsoft Visual Studio Solution File, Format Version 11.00
# Visual Studio 2010
Project("{FAE04EC0-301F-11D3-BF4B-00C04F79EFBC}") = "VR Course 2 Apartment", "Assembly-CSharp.csproj", "{0B8A0DA5-8E35-245E-506D-BFBAB608A30F}"
EndProject
Project("{FAE04EC0-301F-11D3-BF4B-00C04F79EFBC}") = "VR Course 2 Apartment", "Assembly-CSharp-Editor.csproj", "{6108C5CC-82F0-08AF-47D1-90DBC336BBBA}"
EndProject
Global
	GlobalSection(SolutionConfigurationPlatforms) = preSolution
		Debug|Any CPU = Debug|Any CPU
		Release|Any CPU = Release|Any CPU
	EndGlobalSection
	GlobalSection(ProjectConfigurationPlatforms) = postSolution
		{0B8A0DA5-8E35-245E-506D-BFBAB608A30F}.Debug|Any CPU.ActiveCfg = Debug|Any CPU
		{0B8A0DA5-8E35-245E-506D-BFBAB608A30F}.Debug|Any CPU.Build.0 = Debug|Any CPU
		{0B8A0DA5-8E35-245E-506D-BFBAB608A30F}.Release|Any CPU.ActiveCfg = Release|Any CPU
		{0B8A0DA5-8E35-245E-506D-BFBAB608A30F}.Release|Any CPU.Build.0 = Release|Any CPU
		{6108C5CC-82F0-08AF-47D1-90DBC336BBBA}.Debug|Any CPU.ActiveCfg = Debug|Any CPU
		{6108C5CC-82F0-08AF-47D1-90DBC336BBBA}.Debug|Any CPU.Build.0 = Debug|Any CPU
		{6108C5CC-82F0-08AF-47D1-90DBC336BBBA}.Release|Any CPU.ActiveCfg = Release|Any CPU
		{6108C5CC-82F0-08AF-47D1-90DBC336BBBA}.Release|Any CPU.Build.0 = Release|Any CPU
	EndGlobalSection
	GlobalSection(SolutionProperties) = preSolution
		HideSolutionNode = FALSE
	EndGlobalSection
	GlobalSection(MonoDevelopProperties) = preSolution
		StartupItem = Assembly-CSharp.csproj
	EndGlobalSection
EndGlobal
